
Microsoft Visual Studio Solution File, Format Version 12.00
# Visual Studio Version 17
VisualStudioVersion = 17.3.32901.215
MinimumVisualStudioVersion = 10.0.40219.1
Project("{FAE04EC0-301F-11D3-BF4B-00C04F79EFBC}") = "TestMVC", "TestMVC.csproj", "{3E8DEAC5-3CA5-4C87-808A-008261409762}"
EndProject
Global
	GlobalSection(SolutionConfigurationPlatforms) = preSolution
		Debug|Any CPU = Debug|Any CPU
		Release|Any CPU = Release|Any CPU
	EndGlobalSection
	GlobalSection(ProjectConfigurationPlatforms) = postSolution
		{3E8DEAC5-3CA5-4C87-808A-008261409762}.Debug|Any CPU.ActiveCfg = Debug|Any CPU
		{3E8DEAC5-3CA5-4C87-808A-008261409762}.Debug|Any CPU.Build.0 = Debug|Any CPU
		{3E8DEAC5-3CA5-4C87-808A-008261409762}.Release|Any CPU.ActiveCfg = Release|Any CPU
		{3E8DEAC5-3CA5-4C87-808A-008261409762}.Release|Any CPU.Build.0 = Release|Any CPU
	EndGlobalSection
	GlobalSection(SolutionProperties) = preSolution
		HideSolutionNode = FALSE
	EndGlobalSection
	GlobalSection(ExtensibilityGlobals) = postSolution
		SolutionGuid = {7119DAB0-C5A0-40D5-A236-2D2A79E474F5}
	EndGlobalSection
EndGlobal
